// !$*UTF8*$!
{
	archiveVersion = 1;
	classes = {
	};
	objectVersion = 51;
	objects = {

/* Begin PBXBuildFile section */
		66D3D5B5500CEED73F953CBA /* Pods_Boozter.framework in Frameworks */ = {isa = PBXBuildFile; fileRef = 42186FC7703558E9F3075366 /* Pods_Boozter.framework */; };
		F432239323224AF800D5745F /* CoctailsService.m in Sources */ = {isa = PBXBuildFile; fileRef = F432239223224AF800D5745F /* CoctailsService.m */; };
		F432239723224B3C00D5745F /* CoreDataCache.m in Sources */ = {isa = PBXBuildFile; fileRef = F432239623224B3C00D5745F /* CoreDataCache.m */; };
		F460CF8D2358703200240946 /* CoreNetwork.m in Sources */ = {isa = PBXBuildFile; fileRef = F460CF8C2358703200240946 /* CoreNetwork.m */; };
		F460CF94235884A200240946 /* NetworkOperation.m in Sources */ = {isa = PBXBuildFile; fileRef = F460CF93235884A200240946 /* NetworkOperation.m */; };
		F460CF9C235886A300240946 /* GetCoctailsNetworkOperation.m in Sources */ = {isa = PBXBuildFile; fileRef = F460CF9B235886A300240946 /* GetCoctailsNetworkOperation.m */; };
		F460CFA023588A7E00240946 /* GetCoctailsParser.m in Sources */ = {isa = PBXBuildFile; fileRef = F460CF9F23588A7E00240946 /* GetCoctailsParser.m */; };
		F460CFA42358921100240946 /* NetworkOperationQueue.m in Sources */ = {isa = PBXBuildFile; fileRef = F460CFA32358921100240946 /* NetworkOperationQueue.m */; };
		F460CFF723601F5C00240946 /* UIViewController+ProgressHUD.m in Sources */ = {isa = PBXBuildFile; fileRef = F460CFF623601F5C00240946 /* UIViewController+ProgressHUD.m */; };
		F460CFFD23602BD700240946 /* ImageDownloader.m in Sources */ = {isa = PBXBuildFile; fileRef = F460CFFC23602BD700240946 /* ImageDownloader.m */; };
		F460D0002360311A00240946 /* ImageDownloadOperation.m in Sources */ = {isa = PBXBuildFile; fileRef = F460CFFF2360311A00240946 /* ImageDownloadOperation.m */; };
		F46AD7CF231D4F00008DEC0B /* main.m in Sources */ = {isa = PBXBuildFile; fileRef = F46AD7CE231D4F00008DEC0B /* main.m */; };
		F46AD7D9231D4F00008DEC0B /* BoozterTests.m in Sources */ = {isa = PBXBuildFile; fileRef = F46AD7D8231D4F00008DEC0B /* BoozterTests.m */; };
		F46AD7E4231D4F00008DEC0B /* BoozterUITests.m in Sources */ = {isa = PBXBuildFile; fileRef = F46AD7E3231D4F00008DEC0B /* BoozterUITests.m */; };
		F46AD804231D4F7C008DEC0B /* Assets.xcassets in Resources */ = {isa = PBXBuildFile; fileRef = F46AD7F3231D4F7C008DEC0B /* Assets.xcassets */; };
		F46AD805231D4F7C008DEC0B /* LaunchScreen.storyboard in Resources */ = {isa = PBXBuildFile; fileRef = F46AD7F4231D4F7C008DEC0B /* LaunchScreen.storyboard */; };
		F46AD806231D4F7C008DEC0B /* Main.storyboard in Resources */ = {isa = PBXBuildFile; fileRef = F46AD7F6231D4F7C008DEC0B /* Main.storyboard */; };
		F46AD807231D4F7C008DEC0B /* Boozter.xcdatamodeld in Sources */ = {isa = PBXBuildFile; fileRef = F46AD7F8231D4F7C008DEC0B /* Boozter.xcdatamodeld */; };
		F46AD808231D4F7C008DEC0B /* AppDelegate.m in Sources */ = {isa = PBXBuildFile; fileRef = F46AD802231D4F7C008DEC0B /* AppDelegate.m */; };
		F46AD812231D5103008DEC0B /* HomeDashboardViewController.m in Sources */ = {isa = PBXBuildFile; fileRef = F46AD811231D5103008DEC0B /* HomeDashboardViewController.m */; };
		F46AD814231D510D008DEC0B /* HomeDashboardViewController.storyboard in Resources */ = {isa = PBXBuildFile; fileRef = F46AD813231D510D008DEC0B /* HomeDashboardViewController.storyboard */; };
		F46AD81C231D520B008DEC0B /* HomeDashboardPresenter.m in Sources */ = {isa = PBXBuildFile; fileRef = F46AD81B231D520B008DEC0B /* HomeDashboardPresenter.m */; };
		F46AD81F231D521A008DEC0B /* HomeDashboardRouter.m in Sources */ = {isa = PBXBuildFile; fileRef = F46AD81E231D521A008DEC0B /* HomeDashboardRouter.m */; };
		F46AD824231D554D008DEC0B /* Coctail.m in Sources */ = {isa = PBXBuildFile; fileRef = F46AD823231D554D008DEC0B /* Coctail.m */; };
		F46AD828231D58D2008DEC0B /* HomeDashboardDataSource.m in Sources */ = {isa = PBXBuildFile; fileRef = F46AD827231D58D2008DEC0B /* HomeDashboardDataSource.m */; };
		F46AD82B231D5BAB008DEC0B /* HomeDashboardItem.m in Sources */ = {isa = PBXBuildFile; fileRef = F46AD82A231D5BAB008DEC0B /* HomeDashboardItem.m */; };
		F46AD82F231D5CF7008DEC0B /* HomeDashboardCell.m in Sources */ = {isa = PBXBuildFile; fileRef = F46AD82D231D5CF7008DEC0B /* HomeDashboardCell.m */; };
		F46AD834231D60C9008DEC0B /* HomeDashboardInteractor.m in Sources */ = {isa = PBXBuildFile; fileRef = F46AD833231D60C9008DEC0B /* HomeDashboardInteractor.m */; };
		F46AD83E231E4C01008DEC0B /* HomeDashboardModuleAssembly.m in Sources */ = {isa = PBXBuildFile; fileRef = F46AD83D231E4C01008DEC0B /* HomeDashboardModuleAssembly.m */; };
		F46AD849231E5B12008DEC0B /* CoctailModuleAssembly.m in Sources */ = {isa = PBXBuildFile; fileRef = F46AD848231E5B12008DEC0B /* CoctailModuleAssembly.m */; };
		F46AD85523210A6E008DEC0B /* CoctailViewController.m in Sources */ = {isa = PBXBuildFile; fileRef = F46AD85423210A6E008DEC0B /* CoctailViewController.m */; };
		F46AD85723210A79008DEC0B /* CoctailViewController.storyboard in Resources */ = {isa = PBXBuildFile; fileRef = F46AD85623210A79008DEC0B /* CoctailViewController.storyboard */; };
		F46AD85A23210F79008DEC0B /* HomeDashboardCell.xib in Resources */ = {isa = PBXBuildFile; fileRef = F46AD85923210F79008DEC0B /* HomeDashboardCell.xib */; };
		F4F222662356E0BC00AB457B /* ManagedCoctail.m in Sources */ = {isa = PBXBuildFile; fileRef = F4F222652356E0BC00AB457B /* ManagedCoctail.m */; };
		F4F2227723581E0F00AB457B /* NSManagedObject+EntityName.m in Sources */ = {isa = PBXBuildFile; fileRef = F4F2227623581E0F00AB457B /* NSManagedObject+EntityName.m */; };
		F4F222AF2358524B00AB457B /* CoctailCacheModelFiller.m in Sources */ = {isa = PBXBuildFile; fileRef = F4F222AE2358524B00AB457B /* CoctailCacheModelFiller.m */; };
/* End PBXBuildFile section */

/* Begin PBXContainerItemProxy section */
		F46AD7D5231D4F00008DEC0B /* PBXContainerItemProxy */ = {
			isa = PBXContainerItemProxy;
			containerPortal = F46AD7B1231D4EFF008DEC0B /* Project object */;
			proxyType = 1;
			remoteGlobalIDString = F46AD7B8231D4EFF008DEC0B;
			remoteInfo = Boozter;
		};
		F46AD7E0231D4F00008DEC0B /* PBXContainerItemProxy */ = {
			isa = PBXContainerItemProxy;
			containerPortal = F46AD7B1231D4EFF008DEC0B /* Project object */;
			proxyType = 1;
			remoteGlobalIDString = F46AD7B8231D4EFF008DEC0B;
			remoteInfo = Boozter;
		};
/* End PBXContainerItemProxy section */

/* Begin PBXFileReference section */
		0239254124791899E4663572 /* Pods-Boozter.debug.xcconfig */ = {isa = PBXFileReference; includeInIndex = 1; lastKnownFileType = text.xcconfig; name = "Pods-Boozter.debug.xcconfig"; path = "Target Support Files/Pods-Boozter/Pods-Boozter.debug.xcconfig"; sourceTree = "<group>"; };
		42186FC7703558E9F3075366 /* Pods_Boozter.framework */ = {isa = PBXFileReference; explicitFileType = wrapper.framework; includeInIndex = 0; path = Pods_Boozter.framework; sourceTree = BUILT_PRODUCTS_DIR; };
		CC07C6F8277929D150FB61BA /* Pods-Boozter.release.xcconfig */ = {isa = PBXFileReference; includeInIndex = 1; lastKnownFileType = text.xcconfig; name = "Pods-Boozter.release.xcconfig"; path = "Target Support Files/Pods-Boozter/Pods-Boozter.release.xcconfig"; sourceTree = "<group>"; };
		F432239023224AE700D5745F /* ICoctailsService.h */ = {isa = PBXFileReference; lastKnownFileType = sourcecode.c.h; path = ICoctailsService.h; sourceTree = "<group>"; };
		F432239123224AF800D5745F /* CoctailsService.h */ = {isa = PBXFileReference; lastKnownFileType = sourcecode.c.h; path = CoctailsService.h; sourceTree = "<group>"; };
		F432239223224AF800D5745F /* CoctailsService.m */ = {isa = PBXFileReference; lastKnownFileType = sourcecode.c.objc; path = CoctailsService.m; sourceTree = "<group>"; };
		F432239523224B3C00D5745F /* CoreDataCache.h */ = {isa = PBXFileReference; lastKnownFileType = sourcecode.c.h; path = CoreDataCache.h; sourceTree = "<group>"; };
		F432239623224B3C00D5745F /* CoreDataCache.m */ = {isa = PBXFileReference; lastKnownFileType = sourcecode.c.objc; path = CoreDataCache.m; sourceTree = "<group>"; };
		F432239823224B4600D5745F /* ICoreCache.h */ = {isa = PBXFileReference; lastKnownFileType = sourcecode.c.h; path = ICoreCache.h; sourceTree = "<group>"; };
		F460CF8B2358703200240946 /* CoreNetwork.h */ = {isa = PBXFileReference; lastKnownFileType = sourcecode.c.h; path = CoreNetwork.h; sourceTree = "<group>"; };
		F460CF8C2358703200240946 /* CoreNetwork.m */ = {isa = PBXFileReference; lastKnownFileType = sourcecode.c.objc; path = CoreNetwork.m; sourceTree = "<group>"; };
		F460CF8E2358704900240946 /* ICoreNetwork.h */ = {isa = PBXFileReference; lastKnownFileType = sourcecode.c.h; path = ICoreNetwork.h; sourceTree = "<group>"; };
		F460CF92235884A200240946 /* NetworkOperation.h */ = {isa = PBXFileReference; lastKnownFileType = sourcecode.c.h; path = NetworkOperation.h; sourceTree = "<group>"; };
		F460CF93235884A200240946 /* NetworkOperation.m */ = {isa = PBXFileReference; lastKnownFileType = sourcecode.c.objc; path = NetworkOperation.m; sourceTree = "<group>"; };
		F460CF9A235886A300240946 /* GetCoctailsNetworkOperation.h */ = {isa = PBXFileReference; lastKnownFileType = sourcecode.c.h; path = GetCoctailsNetworkOperation.h; sourceTree = "<group>"; };
		F460CF9B235886A300240946 /* GetCoctailsNetworkOperation.m */ = {isa = PBXFileReference; lastKnownFileType = sourcecode.c.objc; path = GetCoctailsNetworkOperation.m; sourceTree = "<group>"; };
		F460CF9E23588A7E00240946 /* GetCoctailsParser.h */ = {isa = PBXFileReference; lastKnownFileType = sourcecode.c.h; path = GetCoctailsParser.h; sourceTree = "<group>"; };
		F460CF9F23588A7E00240946 /* GetCoctailsParser.m */ = {isa = PBXFileReference; lastKnownFileType = sourcecode.c.objc; path = GetCoctailsParser.m; sourceTree = "<group>"; };
		F460CFA22358921100240946 /* NetworkOperationQueue.h */ = {isa = PBXFileReference; lastKnownFileType = sourcecode.c.h; path = NetworkOperationQueue.h; sourceTree = "<group>"; };
		F460CFA32358921100240946 /* NetworkOperationQueue.m */ = {isa = PBXFileReference; lastKnownFileType = sourcecode.c.objc; path = NetworkOperationQueue.m; sourceTree = "<group>"; };
		F460CFF523601F5C00240946 /* UIViewController+ProgressHUD.h */ = {isa = PBXFileReference; lastKnownFileType = sourcecode.c.h; path = "UIViewController+ProgressHUD.h"; sourceTree = "<group>"; };
		F460CFF623601F5C00240946 /* UIViewController+ProgressHUD.m */ = {isa = PBXFileReference; lastKnownFileType = sourcecode.c.objc; path = "UIViewController+ProgressHUD.m"; sourceTree = "<group>"; };
		F460CFF823601F9400240946 /* IProgressIndication.h */ = {isa = PBXFileReference; lastKnownFileType = sourcecode.c.h; path = IProgressIndication.h; sourceTree = "<group>"; };
		F460CFFA23602BA400240946 /* IImageDownloader.h */ = {isa = PBXFileReference; lastKnownFileType = sourcecode.c.h; path = IImageDownloader.h; sourceTree = "<group>"; };
		F460CFFB23602BD700240946 /* ImageDownloader.h */ = {isa = PBXFileReference; lastKnownFileType = sourcecode.c.h; path = ImageDownloader.h; sourceTree = "<group>"; };
		F460CFFC23602BD700240946 /* ImageDownloader.m */ = {isa = PBXFileReference; lastKnownFileType = sourcecode.c.objc; path = ImageDownloader.m; sourceTree = "<group>"; };
		F460CFFE2360311A00240946 /* ImageDownloadOperation.h */ = {isa = PBXFileReference; lastKnownFileType = sourcecode.c.h; path = ImageDownloadOperation.h; sourceTree = "<group>"; };
		F460CFFF2360311A00240946 /* ImageDownloadOperation.m */ = {isa = PBXFileReference; lastKnownFileType = sourcecode.c.objc; path = ImageDownloadOperation.m; sourceTree = "<group>"; };
		F460D001236032BD00240946 /* ImageDownloadCompletion.h */ = {isa = PBXFileReference; lastKnownFileType = sourcecode.c.h; path = ImageDownloadCompletion.h; sourceTree = "<group>"; };
		F46AD7B9231D4EFF008DEC0B /* Boozter.app */ = {isa = PBXFileReference; explicitFileType = wrapper.application; includeInIndex = 0; path = Boozter.app; sourceTree = BUILT_PRODUCTS_DIR; };
		F46AD7CD231D4F00008DEC0B /* Info.plist */ = {isa = PBXFileReference; lastKnownFileType = text.plist.xml; path = Info.plist; sourceTree = "<group>"; };
		F46AD7CE231D4F00008DEC0B /* main.m */ = {isa = PBXFileReference; lastKnownFileType = sourcecode.c.objc; path = main.m; sourceTree = "<group>"; };
		F46AD7D4231D4F00008DEC0B /* BoozterTests.xctest */ = {isa = PBXFileReference; explicitFileType = wrapper.cfbundle; includeInIndex = 0; path = BoozterTests.xctest; sourceTree = BUILT_PRODUCTS_DIR; };
		F46AD7D8231D4F00008DEC0B /* BoozterTests.m */ = {isa = PBXFileReference; lastKnownFileType = sourcecode.c.objc; path = BoozterTests.m; sourceTree = "<group>"; };
		F46AD7DA231D4F00008DEC0B /* Info.plist */ = {isa = PBXFileReference; lastKnownFileType = text.plist.xml; path = Info.plist; sourceTree = "<group>"; };
		F46AD7DF231D4F00008DEC0B /* BoozterUITests.xctest */ = {isa = PBXFileReference; explicitFileType = wrapper.cfbundle; includeInIndex = 0; path = BoozterUITests.xctest; sourceTree = BUILT_PRODUCTS_DIR; };
		F46AD7E3231D4F00008DEC0B /* BoozterUITests.m */ = {isa = PBXFileReference; lastKnownFileType = sourcecode.c.objc; path = BoozterUITests.m; sourceTree = "<group>"; };
		F46AD7E5231D4F00008DEC0B /* Info.plist */ = {isa = PBXFileReference; lastKnownFileType = text.plist.xml; path = Info.plist; sourceTree = "<group>"; };
		F46AD7F3231D4F7C008DEC0B /* Assets.xcassets */ = {isa = PBXFileReference; lastKnownFileType = folder.assetcatalog; path = Assets.xcassets; sourceTree = "<group>"; };
		F46AD7F5231D4F7C008DEC0B /* Base */ = {isa = PBXFileReference; lastKnownFileType = file.storyboard; name = Base; path = Base.lproj/LaunchScreen.storyboard; sourceTree = "<group>"; };
		F46AD7F7231D4F7C008DEC0B /* Base */ = {isa = PBXFileReference; lastKnownFileType = file.storyboard; name = Base; path = Base.lproj/Main.storyboard; sourceTree = "<group>"; };
		F46AD7F9231D4F7C008DEC0B /* Boozter.xcdatamodel */ = {isa = PBXFileReference; lastKnownFileType = wrapper.xcdatamodel; path = Boozter.xcdatamodel; sourceTree = "<group>"; };
		F46AD801231D4F7C008DEC0B /* AppDelegate.h */ = {isa = PBXFileReference; fileEncoding = 4; lastKnownFileType = sourcecode.c.h; path = AppDelegate.h; sourceTree = "<group>"; };
		F46AD802231D4F7C008DEC0B /* AppDelegate.m */ = {isa = PBXFileReference; fileEncoding = 4; lastKnownFileType = sourcecode.c.objc; path = AppDelegate.m; sourceTree = "<group>"; };
		F46AD810231D5103008DEC0B /* HomeDashboardViewController.h */ = {isa = PBXFileReference; lastKnownFileType = sourcecode.c.h; path = HomeDashboardViewController.h; sourceTree = "<group>"; };
		F46AD811231D5103008DEC0B /* HomeDashboardViewController.m */ = {isa = PBXFileReference; lastKnownFileType = sourcecode.c.objc; path = HomeDashboardViewController.m; sourceTree = "<group>"; };
		F46AD813231D510D008DEC0B /* HomeDashboardViewController.storyboard */ = {isa = PBXFileReference; lastKnownFileType = file.storyboard; path = HomeDashboardViewController.storyboard; sourceTree = "<group>"; };
		F46AD816231D51C5008DEC0B /* IHomeDashboardViewInput.h */ = {isa = PBXFileReference; lastKnownFileType = sourcecode.c.h; path = IHomeDashboardViewInput.h; sourceTree = "<group>"; };
		F46AD817231D51CE008DEC0B /* IHomeDashboardViewOutput.h */ = {isa = PBXFileReference; lastKnownFileType = sourcecode.c.h; path = IHomeDashboardViewOutput.h; sourceTree = "<group>"; };
		F46AD818231D51DB008DEC0B /* IHomeDashboardRouterInput.h */ = {isa = PBXFileReference; lastKnownFileType = sourcecode.c.h; path = IHomeDashboardRouterInput.h; sourceTree = "<group>"; };
		F46AD81A231D520B008DEC0B /* HomeDashboardPresenter.h */ = {isa = PBXFileReference; lastKnownFileType = sourcecode.c.h; path = HomeDashboardPresenter.h; sourceTree = "<group>"; };
		F46AD81B231D520B008DEC0B /* HomeDashboardPresenter.m */ = {isa = PBXFileReference; lastKnownFileType = sourcecode.c.objc; path = HomeDashboardPresenter.m; sourceTree = "<group>"; };
		F46AD81D231D521A008DEC0B /* HomeDashboardRouter.h */ = {isa = PBXFileReference; lastKnownFileType = sourcecode.c.h; path = HomeDashboardRouter.h; sourceTree = "<group>"; };
		F46AD81E231D521A008DEC0B /* HomeDashboardRouter.m */ = {isa = PBXFileReference; lastKnownFileType = sourcecode.c.objc; path = HomeDashboardRouter.m; sourceTree = "<group>"; };
		F46AD822231D554D008DEC0B /* Coctail.h */ = {isa = PBXFileReference; lastKnownFileType = sourcecode.c.h; path = Coctail.h; sourceTree = "<group>"; };
		F46AD823231D554D008DEC0B /* Coctail.m */ = {isa = PBXFileReference; lastKnownFileType = sourcecode.c.objc; path = Coctail.m; sourceTree = "<group>"; };
		F46AD826231D58D2008DEC0B /* HomeDashboardDataSource.h */ = {isa = PBXFileReference; lastKnownFileType = sourcecode.c.h; path = HomeDashboardDataSource.h; sourceTree = "<group>"; };
		F46AD827231D58D2008DEC0B /* HomeDashboardDataSource.m */ = {isa = PBXFileReference; lastKnownFileType = sourcecode.c.objc; path = HomeDashboardDataSource.m; sourceTree = "<group>"; };
		F46AD829231D5BAB008DEC0B /* HomeDashboardItem.h */ = {isa = PBXFileReference; lastKnownFileType = sourcecode.c.h; path = HomeDashboardItem.h; sourceTree = "<group>"; };
		F46AD82A231D5BAB008DEC0B /* HomeDashboardItem.m */ = {isa = PBXFileReference; lastKnownFileType = sourcecode.c.objc; path = HomeDashboardItem.m; sourceTree = "<group>"; };
		F46AD82C231D5CF7008DEC0B /* HomeDashboardCell.h */ = {isa = PBXFileReference; lastKnownFileType = sourcecode.c.h; path = HomeDashboardCell.h; sourceTree = "<group>"; };
		F46AD82D231D5CF7008DEC0B /* HomeDashboardCell.m */ = {isa = PBXFileReference; lastKnownFileType = sourcecode.c.objc; path = HomeDashboardCell.m; sourceTree = "<group>"; };
		F46AD832231D60C9008DEC0B /* HomeDashboardInteractor.h */ = {isa = PBXFileReference; lastKnownFileType = sourcecode.c.h; path = HomeDashboardInteractor.h; sourceTree = "<group>"; };
		F46AD833231D60C9008DEC0B /* HomeDashboardInteractor.m */ = {isa = PBXFileReference; lastKnownFileType = sourcecode.c.objc; path = HomeDashboardInteractor.m; sourceTree = "<group>"; };
		F46AD835231D60D2008DEC0B /* IHomeDashboardInteractorInput.h */ = {isa = PBXFileReference; lastKnownFileType = sourcecode.c.h; path = IHomeDashboardInteractorInput.h; sourceTree = "<group>"; };
		F46AD836231D60DC008DEC0B /* IHomeDashboardInteractorOutput.h */ = {isa = PBXFileReference; lastKnownFileType = sourcecode.c.h; path = IHomeDashboardInteractorOutput.h; sourceTree = "<group>"; };
		F46AD83C231E4C01008DEC0B /* HomeDashboardModuleAssembly.h */ = {isa = PBXFileReference; lastKnownFileType = sourcecode.c.h; path = HomeDashboardModuleAssembly.h; sourceTree = "<group>"; };
		F46AD83D231E4C01008DEC0B /* HomeDashboardModuleAssembly.m */ = {isa = PBXFileReference; lastKnownFileType = sourcecode.c.objc; path = HomeDashboardModuleAssembly.m; sourceTree = "<group>"; };
		F46AD845231E57A2008DEC0B /* CoctailModuleInput.h */ = {isa = PBXFileReference; lastKnownFileType = sourcecode.c.h; path = CoctailModuleInput.h; sourceTree = "<group>"; };
		F46AD847231E5B12008DEC0B /* CoctailModuleAssembly.h */ = {isa = PBXFileReference; lastKnownFileType = sourcecode.c.h; path = CoctailModuleAssembly.h; sourceTree = "<group>"; };
		F46AD848231E5B12008DEC0B /* CoctailModuleAssembly.m */ = {isa = PBXFileReference; lastKnownFileType = sourcecode.c.objc; path = CoctailModuleAssembly.m; sourceTree = "<group>"; };
		F46AD84B231E5FC1008DEC0B /* IModuleTransitionHandler.h */ = {isa = PBXFileReference; lastKnownFileType = sourcecode.c.h; path = IModuleTransitionHandler.h; sourceTree = "<group>"; };
		F46AD84C231E6003008DEC0B /* IModuleFactory.h */ = {isa = PBXFileReference; lastKnownFileType = sourcecode.c.h; path = IModuleFactory.h; sourceTree = "<group>"; };
		F46AD85323210A6E008DEC0B /* CoctailViewController.h */ = {isa = PBXFileReference; lastKnownFileType = sourcecode.c.h; path = CoctailViewController.h; sourceTree = "<group>"; };
		F46AD85423210A6E008DEC0B /* CoctailViewController.m */ = {isa = PBXFileReference; lastKnownFileType = sourcecode.c.objc; path = CoctailViewController.m; sourceTree = "<group>"; };
		F46AD85623210A79008DEC0B /* CoctailViewController.storyboard */ = {isa = PBXFileReference; lastKnownFileType = file.storyboard; path = CoctailViewController.storyboard; sourceTree = "<group>"; };
		F46AD85923210F79008DEC0B /* HomeDashboardCell.xib */ = {isa = PBXFileReference; lastKnownFileType = file.xib; path = HomeDashboardCell.xib; sourceTree = "<group>"; };
		F493A022236AE77B00BA0643 /* IHomeDashboardCellImageDownloader.h */ = {isa = PBXFileReference; lastKnownFileType = sourcecode.c.h; path = IHomeDashboardCellImageDownloader.h; sourceTree = "<group>"; };
		F4F222642356E0BC00AB457B /* ManagedCoctail.h */ = {isa = PBXFileReference; lastKnownFileType = sourcecode.c.h; path = ManagedCoctail.h; sourceTree = "<group>"; };
		F4F222652356E0BC00AB457B /* ManagedCoctail.m */ = {isa = PBXFileReference; lastKnownFileType = sourcecode.c.objc; path = ManagedCoctail.m; sourceTree = "<group>"; };
		F4F2226F2357085600AB457B /* CoctailsFilter.h */ = {isa = PBXFileReference; lastKnownFileType = sourcecode.c.h; path = CoctailsFilter.h; sourceTree = "<group>"; };
		F4F2227523581E0F00AB457B /* NSManagedObject+EntityName.h */ = {isa = PBXFileReference; lastKnownFileType = sourcecode.c.h; path = "NSManagedObject+EntityName.h"; sourceTree = "<group>"; };
		F4F2227623581E0F00AB457B /* NSManagedObject+EntityName.m */ = {isa = PBXFileReference; lastKnownFileType = sourcecode.c.objc; path = "NSManagedObject+EntityName.m"; sourceTree = "<group>"; };
		F4F222832358296900AB457B /* IPlainObject.h */ = {isa = PBXFileReference; lastKnownFileType = sourcecode.c.h; path = IPlainObject.h; sourceTree = "<group>"; };
		F4F2228523583F4A00AB457B /* DataSourcePoint.h */ = {isa = PBXFileReference; lastKnownFileType = sourcecode.c.h; path = DataSourcePoint.h; sourceTree = "<group>"; };
		F4F222AB23584E2C00AB457B /* ICoreCacheModelFiller.h */ = {isa = PBXFileReference; lastKnownFileType = sourcecode.c.h; path = ICoreCacheModelFiller.h; sourceTree = "<group>"; };
		F4F222AD2358524B00AB457B /* CoctailCacheModelFiller.h */ = {isa = PBXFileReference; lastKnownFileType = sourcecode.c.h; path = CoctailCacheModelFiller.h; sourceTree = "<group>"; };
		F4F222AE2358524B00AB457B /* CoctailCacheModelFiller.m */ = {isa = PBXFileReference; lastKnownFileType = sourcecode.c.objc; path = CoctailCacheModelFiller.m; sourceTree = "<group>"; };
/* End PBXFileReference section */

/* Begin PBXFrameworksBuildPhase section */
		F46AD7B6231D4EFF008DEC0B /* Frameworks */ = {
			isa = PBXFrameworksBuildPhase;
			buildActionMask = 2147483647;
			files = (
				66D3D5B5500CEED73F953CBA /* Pods_Boozter.framework in Frameworks */,
			);
			runOnlyForDeploymentPostprocessing = 0;
		};
		F46AD7D1231D4F00008DEC0B /* Frameworks */ = {
			isa = PBXFrameworksBuildPhase;
			buildActionMask = 2147483647;
			files = (
			);
			runOnlyForDeploymentPostprocessing = 0;
		};
		F46AD7DC231D4F00008DEC0B /* Frameworks */ = {
			isa = PBXFrameworksBuildPhase;
			buildActionMask = 2147483647;
			files = (
			);
			runOnlyForDeploymentPostprocessing = 0;
		};
/* End PBXFrameworksBuildPhase section */

/* Begin PBXGroup section */
		0D221AB13FD87281E5C01621 /* Pods */ = {
			isa = PBXGroup;
			children = (
				0239254124791899E4663572 /* Pods-Boozter.debug.xcconfig */,
				CC07C6F8277929D150FB61BA /* Pods-Boozter.release.xcconfig */,
			);
			path = Pods;
			sourceTree = "<group>";
		};
		9DAC30D28D8E6C28D25D62AF /* Frameworks */ = {
			isa = PBXGroup;
			children = (
				42186FC7703558E9F3075366 /* Pods_Boozter.framework */,
			);
			name = Frameworks;
			sourceTree = "<group>";
		};
		F432238F23224ACB00D5745F /* CoctailsService */ = {
			isa = PBXGroup;
			children = (
				F432239023224AE700D5745F /* ICoctailsService.h */,
				F432239123224AF800D5745F /* CoctailsService.h */,
				F432239223224AF800D5745F /* CoctailsService.m */,
			);
			path = CoctailsService;
			sourceTree = "<group>";
		};
		F432239423224B3100D5745F /* Cache */ = {
			isa = PBXGroup;
			children = (
				F432239823224B4600D5745F /* ICoreCache.h */,
				F432239523224B3C00D5745F /* CoreDataCache.h */,
				F432239623224B3C00D5745F /* CoreDataCache.m */,
				F4F222AB23584E2C00AB457B /* ICoreCacheModelFiller.h */,
			);
			path = Cache;
			sourceTree = "<group>";
		};
		F460CF8A2358702200240946 /* CoreNetwork */ = {
			isa = PBXGroup;
			children = (
				F460CF8E2358704900240946 /* ICoreNetwork.h */,
				F460CF8B2358703200240946 /* CoreNetwork.h */,
				F460CF8C2358703200240946 /* CoreNetwork.m */,
			);
			path = CoreNetwork;
			sourceTree = "<group>";
		};
		F460CF962358861800240946 /* NetworkOperation */ = {
			isa = PBXGroup;
			children = (
				F460CF92235884A200240946 /* NetworkOperation.h */,
				F460CF93235884A200240946 /* NetworkOperation.m */,
			);
			path = NetworkOperation;
			sourceTree = "<group>";
		};
		F460CF972358867500240946 /* API */ = {
			isa = PBXGroup;
			children = (
				F460CF992358868A00240946 /* GetCoctails */,
			);
			path = API;
			sourceTree = "<group>";
		};
		F460CF982358867E00240946 /* Operations */ = {
			isa = PBXGroup;
			children = (
				F460CF9A235886A300240946 /* GetCoctailsNetworkOperation.h */,
				F460CF9B235886A300240946 /* GetCoctailsNetworkOperation.m */,
			);
			path = Operations;
			sourceTree = "<group>";
		};
		F460CF992358868A00240946 /* GetCoctails */ = {
			isa = PBXGroup;
			children = (
				F460CF9D23588A6400240946 /* Parsers */,
				F460CF982358867E00240946 /* Operations */,
			);
			path = GetCoctails;
			sourceTree = "<group>";
		};
		F460CF9D23588A6400240946 /* Parsers */ = {
			isa = PBXGroup;
			children = (
				F460CF9E23588A7E00240946 /* GetCoctailsParser.h */,
				F460CF9F23588A7E00240946 /* GetCoctailsParser.m */,
			);
			path = Parsers;
			sourceTree = "<group>";
		};
		F460CFA12358915C00240946 /* NetworkOperationQueue */ = {
			isa = PBXGroup;
			children = (
				F460CFA22358921100240946 /* NetworkOperationQueue.h */,
				F460CFA32358921100240946 /* NetworkOperationQueue.m */,
			);
			path = NetworkOperationQueue;
			sourceTree = "<group>";
		};
		F460CFF423601F4000240946 /* UIViewController */ = {
			isa = PBXGroup;
			children = (
				F460CFF523601F5C00240946 /* UIViewController+ProgressHUD.h */,
				F460CFF623601F5C00240946 /* UIViewController+ProgressHUD.m */,
			);
			path = UIViewController;
			sourceTree = "<group>";
		};
		F460CFF923602B9100240946 /* ImageDownloader */ = {
			isa = PBXGroup;
			children = (
				F460CFFA23602BA400240946 /* IImageDownloader.h */,
				F460CFFB23602BD700240946 /* ImageDownloader.h */,
				F460CFFC23602BD700240946 /* ImageDownloader.m */,
				F460CFFE2360311A00240946 /* ImageDownloadOperation.h */,
				F460CFFF2360311A00240946 /* ImageDownloadOperation.m */,
				F460D001236032BD00240946 /* ImageDownloadCompletion.h */,
			);
			path = ImageDownloader;
			sourceTree = "<group>";
		};
		F46AD7B0231D4EFF008DEC0B = {
			isa = PBXGroup;
			children = (
				F46AD7BB231D4EFF008DEC0B /* Boozter */,
				F46AD7D7231D4F00008DEC0B /* BoozterTests */,
				F46AD7E2231D4F00008DEC0B /* BoozterUITests */,
				F46AD7BA231D4EFF008DEC0B /* Products */,
				0D221AB13FD87281E5C01621 /* Pods */,
				9DAC30D28D8E6C28D25D62AF /* Frameworks */,
			);
			sourceTree = "<group>";
		};
		F46AD7BA231D4EFF008DEC0B /* Products */ = {
			isa = PBXGroup;
			children = (
				F46AD7B9231D4EFF008DEC0B /* Boozter.app */,
				F46AD7D4231D4F00008DEC0B /* BoozterTests.xctest */,
				F46AD7DF231D4F00008DEC0B /* BoozterUITests.xctest */,
			);
			name = Products;
			sourceTree = "<group>";
		};
		F46AD7BB231D4EFF008DEC0B /* Boozter */ = {
			isa = PBXGroup;
			children = (
				F46AD7FA231D4F7C008DEC0B /* Sources */,
				F46AD7F2231D4F7C008DEC0B /* Resources */,
				F46AD7F1231D4F68008DEC0B /* Supporting Files */,
			);
			path = Boozter;
			sourceTree = "<group>";
		};
		F46AD7D7231D4F00008DEC0B /* BoozterTests */ = {
			isa = PBXGroup;
			children = (
				F46AD7D8231D4F00008DEC0B /* BoozterTests.m */,
				F46AD7DA231D4F00008DEC0B /* Info.plist */,
			);
			path = BoozterTests;
			sourceTree = "<group>";
		};
		F46AD7E2231D4F00008DEC0B /* BoozterUITests */ = {
			isa = PBXGroup;
			children = (
				F46AD7E3231D4F00008DEC0B /* BoozterUITests.m */,
				F46AD7E5231D4F00008DEC0B /* Info.plist */,
			);
			path = BoozterUITests;
			sourceTree = "<group>";
		};
		F46AD7F1231D4F68008DEC0B /* Supporting Files */ = {
			isa = PBXGroup;
			children = (
				F46AD7CD231D4F00008DEC0B /* Info.plist */,
				F46AD7CE231D4F00008DEC0B /* main.m */,
			);
			name = "Supporting Files";
			sourceTree = "<group>";
		};
		F46AD7F2231D4F7C008DEC0B /* Resources */ = {
			isa = PBXGroup;
			children = (
				F46AD85823210F6A008DEC0B /* Xibs */,
				F46AD7F3231D4F7C008DEC0B /* Assets.xcassets */,
				F46AD7F4231D4F7C008DEC0B /* LaunchScreen.storyboard */,
				F46AD7F6231D4F7C008DEC0B /* Main.storyboard */,
				F46AD7F8231D4F7C008DEC0B /* Boozter.xcdatamodeld */,
			);
			path = Resources;
			sourceTree = "<group>";
		};
		F46AD7FA231D4F7C008DEC0B /* Sources */ = {
			isa = PBXGroup;
			children = (
				F460CF972358867500240946 /* API */,
				F46AD800231D4F7C008DEC0B /* Application */,
				F4F2227323581DEA00AB457B /* Extensions */,
				F46AD809231D4F8B008DEC0B /* Model */,
				F46AD803231D4F7C008DEC0B /* Modules */,
				F46AD80F231D50CE008DEC0B /* Services */,
				F46AD7FC231D4F7C008DEC0B /* Core */,
				F46AD7FF231D4F7C008DEC0B /* Utilities */,
			);
			path = Sources;
			sourceTree = "<group>";
		};
		F46AD7FC231D4F7C008DEC0B /* Core */ = {
			isa = PBXGroup;
			children = (
				F46AD7FD231D4F7C008DEC0B /* Network */,
				F46AD7FE231D4F7C008DEC0B /* Storage */,
			);
			path = Core;
			sourceTree = "<group>";
		};
		F46AD7FD231D4F7C008DEC0B /* Network */ = {
			isa = PBXGroup;
			children = (
				F460CF8A2358702200240946 /* CoreNetwork */,
				F460CF962358861800240946 /* NetworkOperation */,
				F460CFA12358915C00240946 /* NetworkOperationQueue */,
			);
			path = Network;
			sourceTree = "<group>";
		};
		F46AD7FE231D4F7C008DEC0B /* Storage */ = {
			isa = PBXGroup;
			children = (
				F432239423224B3100D5745F /* Cache */,
			);
			path = Storage;
			sourceTree = "<group>";
		};
		F46AD7FF231D4F7C008DEC0B /* Utilities */ = {
			isa = PBXGroup;
			children = (
				F460CFF923602B9100240946 /* ImageDownloader */,
			);
			path = Utilities;
			sourceTree = "<group>";
		};
		F46AD800231D4F7C008DEC0B /* Application */ = {
			isa = PBXGroup;
			children = (
				F46AD801231D4F7C008DEC0B /* AppDelegate.h */,
				F46AD802231D4F7C008DEC0B /* AppDelegate.m */,
			);
			path = Application;
			sourceTree = "<group>";
		};
		F46AD803231D4F7C008DEC0B /* Modules */ = {
			isa = PBXGroup;
			children = (
				F46AD84A231E5FB4008DEC0B /* Common */,
				F46AD80B231D505E008DEC0B /* HomeDashboard */,
				F46AD844231E5786008DEC0B /* Coctail */,
			);
			path = Modules;
			sourceTree = "<group>";
		};
		F46AD809231D4F8B008DEC0B /* Model */ = {
			isa = PBXGroup;
			children = (
				F4F222822358295600AB457B /* Common */,
				F46AD821231D553D008DEC0B /* Coctail */,
				F4F2226E2357083200AB457B /* CoctailFilter */,
			);
			path = Model;
			sourceTree = "<group>";
		};
		F46AD80B231D505E008DEC0B /* HomeDashboard */ = {
			isa = PBXGroup;
			children = (
				F46AD83B231E4BEC008DEC0B /* Assembly */,
				F46AD831231D60AE008DEC0B /* Interactor */,
				F46AD825231D58BA008DEC0B /* DataSource */,
				F46AD80D231D507D008DEC0B /* Presenter */,
				F46AD80E231D50BF008DEC0B /* Router */,
				F46AD80C231D5073008DEC0B /* View */,
			);
			path = HomeDashboard;
			sourceTree = "<group>";
		};
		F46AD80C231D5073008DEC0B /* View */ = {
			isa = PBXGroup;
			children = (
				F46AD82C231D5CF7008DEC0B /* HomeDashboardCell.h */,
				F46AD82D231D5CF7008DEC0B /* HomeDashboardCell.m */,
				F46AD816231D51C5008DEC0B /* IHomeDashboardViewInput.h */,
				F46AD817231D51CE008DEC0B /* IHomeDashboardViewOutput.h */,
				F46AD810231D5103008DEC0B /* HomeDashboardViewController.h */,
				F46AD811231D5103008DEC0B /* HomeDashboardViewController.m */,
				F46AD813231D510D008DEC0B /* HomeDashboardViewController.storyboard */,
			);
			path = View;
			sourceTree = "<group>";
		};
		F46AD80D231D507D008DEC0B /* Presenter */ = {
			isa = PBXGroup;
			children = (
				F493A022236AE77B00BA0643 /* IHomeDashboardCellImageDownloader.h */,
				F46AD81A231D520B008DEC0B /* HomeDashboardPresenter.h */,
				F46AD81B231D520B008DEC0B /* HomeDashboardPresenter.m */,
			);
			path = Presenter;
			sourceTree = "<group>";
		};
		F46AD80E231D50BF008DEC0B /* Router */ = {
			isa = PBXGroup;
			children = (
				F46AD818231D51DB008DEC0B /* IHomeDashboardRouterInput.h */,
				F46AD81D231D521A008DEC0B /* HomeDashboardRouter.h */,
				F46AD81E231D521A008DEC0B /* HomeDashboardRouter.m */,
			);
			path = Router;
			sourceTree = "<group>";
		};
		F46AD80F231D50CE008DEC0B /* Services */ = {
			isa = PBXGroup;
			children = (
				F432238F23224ACB00D5745F /* CoctailsService */,
			);
			path = Services;
			sourceTree = "<group>";
		};
		F46AD821231D553D008DEC0B /* Coctail */ = {
			isa = PBXGroup;
			children = (
				F4F222622356E09B00AB457B /* Plain */,
				F4F222632356E0A300AB457B /* Managed */,
				F4F222AC2358523A00AB457B /* CacheModelFiller */,
			);
			path = Coctail;
			sourceTree = "<group>";
		};
		F46AD825231D58BA008DEC0B /* DataSource */ = {
			isa = PBXGroup;
			children = (
				F46AD829231D5BAB008DEC0B /* HomeDashboardItem.h */,
				F46AD82A231D5BAB008DEC0B /* HomeDashboardItem.m */,
				F46AD826231D58D2008DEC0B /* HomeDashboardDataSource.h */,
				F46AD827231D58D2008DEC0B /* HomeDashboardDataSource.m */,
			);
			path = DataSource;
			sourceTree = "<group>";
		};
		F46AD831231D60AE008DEC0B /* Interactor */ = {
			isa = PBXGroup;
			children = (
				F46AD835231D60D2008DEC0B /* IHomeDashboardInteractorInput.h */,
				F46AD836231D60DC008DEC0B /* IHomeDashboardInteractorOutput.h */,
				F46AD832231D60C9008DEC0B /* HomeDashboardInteractor.h */,
				F46AD833231D60C9008DEC0B /* HomeDashboardInteractor.m */,
			);
			path = Interactor;
			sourceTree = "<group>";
		};
		F46AD83B231E4BEC008DEC0B /* Assembly */ = {
			isa = PBXGroup;
			children = (
				F46AD83C231E4C01008DEC0B /* HomeDashboardModuleAssembly.h */,
				F46AD83D231E4C01008DEC0B /* HomeDashboardModuleAssembly.m */,
			);
			path = Assembly;
			sourceTree = "<group>";
		};
		F46AD844231E5786008DEC0B /* Coctail */ = {
			isa = PBXGroup;
			children = (
				F46AD85223210A5E008DEC0B /* View */,
				F46AD846231E5AF2008DEC0B /* Assembly */,
				F46AD845231E57A2008DEC0B /* CoctailModuleInput.h */,
			);
			path = Coctail;
			sourceTree = "<group>";
		};
		F46AD846231E5AF2008DEC0B /* Assembly */ = {
			isa = PBXGroup;
			children = (
				F46AD847231E5B12008DEC0B /* CoctailModuleAssembly.h */,
				F46AD848231E5B12008DEC0B /* CoctailModuleAssembly.m */,
			);
			path = Assembly;
			sourceTree = "<group>";
		};
		F46AD84A231E5FB4008DEC0B /* Common */ = {
			isa = PBXGroup;
			children = (
				F46AD84C231E6003008DEC0B /* IModuleFactory.h */,
				F46AD84B231E5FC1008DEC0B /* IModuleTransitionHandler.h */,
				F460CFF823601F9400240946 /* IProgressIndication.h */,
			);
			path = Common;
			sourceTree = "<group>";
		};
		F46AD85223210A5E008DEC0B /* View */ = {
			isa = PBXGroup;
			children = (
				F46AD85323210A6E008DEC0B /* CoctailViewController.h */,
				F46AD85423210A6E008DEC0B /* CoctailViewController.m */,
				F46AD85623210A79008DEC0B /* CoctailViewController.storyboard */,
			);
			path = View;
			sourceTree = "<group>";
		};
		F46AD85823210F6A008DEC0B /* Xibs */ = {
			isa = PBXGroup;
			children = (
				F46AD85923210F79008DEC0B /* HomeDashboardCell.xib */,
			);
			path = Xibs;
			sourceTree = "<group>";
		};
		F4F222622356E09B00AB457B /* Plain */ = {
			isa = PBXGroup;
			children = (
				F46AD822231D554D008DEC0B /* Coctail.h */,
				F46AD823231D554D008DEC0B /* Coctail.m */,
			);
			path = Plain;
			sourceTree = "<group>";
		};
		F4F222632356E0A300AB457B /* Managed */ = {
			isa = PBXGroup;
			children = (
				F4F222642356E0BC00AB457B /* ManagedCoctail.h */,
				F4F222652356E0BC00AB457B /* ManagedCoctail.m */,
			);
			path = Managed;
			sourceTree = "<group>";
		};
		F4F2226E2357083200AB457B /* CoctailFilter */ = {
			isa = PBXGroup;
			children = (
				F4F2226F2357085600AB457B /* CoctailsFilter.h */,
			);
			path = CoctailFilter;
			sourceTree = "<group>";
		};
		F4F2227323581DEA00AB457B /* Extensions */ = {
			isa = PBXGroup;
			children = (
				F460CFF423601F4000240946 /* UIViewController */,
				F4F2227423581DF300AB457B /* NSManagedObject */,
			);
			path = Extensions;
			sourceTree = "<group>";
		};
		F4F2227423581DF300AB457B /* NSManagedObject */ = {
			isa = PBXGroup;
			children = (
				F4F2227523581E0F00AB457B /* NSManagedObject+EntityName.h */,
				F4F2227623581E0F00AB457B /* NSManagedObject+EntityName.m */,
			);
			path = NSManagedObject;
			sourceTree = "<group>";
		};
		F4F222822358295600AB457B /* Common */ = {
			isa = PBXGroup;
			children = (
				F4F222832358296900AB457B /* IPlainObject.h */,
				F4F2228523583F4A00AB457B /* DataSourcePoint.h */,
			);
			path = Common;
			sourceTree = "<group>";
		};
		F4F222AC2358523A00AB457B /* CacheModelFiller */ = {
			isa = PBXGroup;
			children = (
				F4F222AD2358524B00AB457B /* CoctailCacheModelFiller.h */,
				F4F222AE2358524B00AB457B /* CoctailCacheModelFiller.m */,
			);
			path = CacheModelFiller;
			sourceTree = "<group>";
		};
/* End PBXGroup section */

/* Begin PBXNativeTarget section */
		F46AD7B8231D4EFF008DEC0B /* Boozter */ = {
			isa = PBXNativeTarget;
			buildConfigurationList = F46AD7E8231D4F00008DEC0B /* Build configuration list for PBXNativeTarget "Boozter" */;
			buildPhases = (
				4770ED665FA60DADDEB3F53A /* [CP] Check Pods Manifest.lock */,
				F46AD7B5231D4EFF008DEC0B /* Sources */,
				F46AD7B6231D4EFF008DEC0B /* Frameworks */,
				F46AD7B7231D4EFF008DEC0B /* Resources */,
				00F9E495C04D9B13C5B0514F /* [CP] Embed Pods Frameworks */,
			);
			buildRules = (
			);
			dependencies = (
			);
			name = Boozter;
			productName = Boozter;
			productReference = F46AD7B9231D4EFF008DEC0B /* Boozter.app */;
			productType = "com.apple.product-type.application";
		};
		F46AD7D3231D4F00008DEC0B /* BoozterTests */ = {
			isa = PBXNativeTarget;
			buildConfigurationList = F46AD7EB231D4F00008DEC0B /* Build configuration list for PBXNativeTarget "BoozterTests" */;
			buildPhases = (
				F46AD7D0231D4F00008DEC0B /* Sources */,
				F46AD7D1231D4F00008DEC0B /* Frameworks */,
				F46AD7D2231D4F00008DEC0B /* Resources */,
			);
			buildRules = (
			);
			dependencies = (
				F46AD7D6231D4F00008DEC0B /* PBXTargetDependency */,
			);
			name = BoozterTests;
			productName = BoozterTests;
			productReference = F46AD7D4231D4F00008DEC0B /* BoozterTests.xctest */;
			productType = "com.apple.product-type.bundle.unit-test";
		};
		F46AD7DE231D4F00008DEC0B /* BoozterUITests */ = {
			isa = PBXNativeTarget;
			buildConfigurationList = F46AD7EE231D4F00008DEC0B /* Build configuration list for PBXNativeTarget "BoozterUITests" */;
			buildPhases = (
				F46AD7DB231D4F00008DEC0B /* Sources */,
				F46AD7DC231D4F00008DEC0B /* Frameworks */,
				F46AD7DD231D4F00008DEC0B /* Resources */,
			);
			buildRules = (
			);
			dependencies = (
				F46AD7E1231D4F00008DEC0B /* PBXTargetDependency */,
			);
			name = BoozterUITests;
			productName = BoozterUITests;
			productReference = F46AD7DF231D4F00008DEC0B /* BoozterUITests.xctest */;
			productType = "com.apple.product-type.bundle.ui-testing";
		};
/* End PBXNativeTarget section */

/* Begin PBXProject section */
		F46AD7B1231D4EFF008DEC0B /* Project object */ = {
			isa = PBXProject;
			attributes = {
				LastUpgradeCheck = 1230;
				ORGANIZATIONNAME = "Team Absurdum";
				TargetAttributes = {
					F46AD7B8231D4EFF008DEC0B = {
						CreatedOnToolsVersion = 10.2.1;
					};
					F46AD7D3231D4F00008DEC0B = {
						CreatedOnToolsVersion = 10.2.1;
						TestTargetID = F46AD7B8231D4EFF008DEC0B;
					};
					F46AD7DE231D4F00008DEC0B = {
						CreatedOnToolsVersion = 10.2.1;
						TestTargetID = F46AD7B8231D4EFF008DEC0B;
					};
				};
			};
			buildConfigurationList = F46AD7B4231D4EFF008DEC0B /* Build configuration list for PBXProject "Boozter" */;
			compatibilityVersion = "Xcode 9.3";
			developmentRegion = en;
			hasScannedForEncodings = 0;
			knownRegions = (
				en,
				Base,
			);
			mainGroup = F46AD7B0231D4EFF008DEC0B;
			productRefGroup = F46AD7BA231D4EFF008DEC0B /* Products */;
			projectDirPath = "";
			projectRoot = "";
			targets = (
				F46AD7B8231D4EFF008DEC0B /* Boozter */,
				F46AD7D3231D4F00008DEC0B /* BoozterTests */,
				F46AD7DE231D4F00008DEC0B /* BoozterUITests */,
			);
		};
/* End PBXProject section */

/* Begin PBXResourcesBuildPhase section */
		F46AD7B7231D4EFF008DEC0B /* Resources */ = {
			isa = PBXResourcesBuildPhase;
			buildActionMask = 2147483647;
			files = (
				F46AD806231D4F7C008DEC0B /* Main.storyboard in Resources */,
				F46AD85A23210F79008DEC0B /* HomeDashboardCell.xib in Resources */,
				F46AD814231D510D008DEC0B /* HomeDashboardViewController.storyboard in Resources */,
				F46AD804231D4F7C008DEC0B /* Assets.xcassets in Resources */,
				F46AD85723210A79008DEC0B /* CoctailViewController.storyboard in Resources */,
				F46AD805231D4F7C008DEC0B /* LaunchScreen.storyboard in Resources */,
			);
			runOnlyForDeploymentPostprocessing = 0;
		};
		F46AD7D2231D4F00008DEC0B /* Resources */ = {
			isa = PBXResourcesBuildPhase;
			buildActionMask = 2147483647;
			files = (
			);
			runOnlyForDeploymentPostprocessing = 0;
		};
		F46AD7DD231D4F00008DEC0B /* Resources */ = {
			isa = PBXResourcesBuildPhase;
			buildActionMask = 2147483647;
			files = (
			);
			runOnlyForDeploymentPostprocessing = 0;
		};
/* End PBXResourcesBuildPhase section */

/* Begin PBXShellScriptBuildPhase section */
		00F9E495C04D9B13C5B0514F /* [CP] Embed Pods Frameworks */ = {
			isa = PBXShellScriptBuildPhase;
			buildActionMask = 2147483647;
			files = (
			);
			inputFileListPaths = (
				"${PODS_ROOT}/Target Support Files/Pods-Boozter/Pods-Boozter-frameworks-${CONFIGURATION}-input-files.xcfilelist",
			);
			name = "[CP] Embed Pods Frameworks";
			outputFileListPaths = (
				"${PODS_ROOT}/Target Support Files/Pods-Boozter/Pods-Boozter-frameworks-${CONFIGURATION}-output-files.xcfilelist",
			);
			runOnlyForDeploymentPostprocessing = 0;
			shellPath = /bin/sh;
			shellScript = "\"${PODS_ROOT}/Target Support Files/Pods-Boozter/Pods-Boozter-frameworks.sh\"\n";
			showEnvVarsInLog = 0;
		};
		4770ED665FA60DADDEB3F53A /* [CP] Check Pods Manifest.lock */ = {
			isa = PBXShellScriptBuildPhase;
			buildActionMask = 2147483647;
			files = (
			);
			inputFileListPaths = (
			);
			inputPaths = (
				"${PODS_PODFILE_DIR_PATH}/Podfile.lock",
				"${PODS_ROOT}/Manifest.lock",
			);
			name = "[CP] Check Pods Manifest.lock";
			outputFileListPaths = (
			);
			outputPaths = (
				"$(DERIVED_FILE_DIR)/Pods-Boozter-checkManifestLockResult.txt",
			);
			runOnlyForDeploymentPostprocessing = 0;
			shellPath = /bin/sh;
			shellScript = "diff \"${PODS_PODFILE_DIR_PATH}/Podfile.lock\" \"${PODS_ROOT}/Manifest.lock\" > /dev/null\nif [ $? != 0 ] ; then\n    # print error to STDERR\n    echo \"error: The sandbox is not in sync with the Podfile.lock. Run 'pod install' or update your CocoaPods installation.\" >&2\n    exit 1\nfi\n# This output is used by Xcode 'outputs' to avoid re-running this script phase.\necho \"SUCCESS\" > \"${SCRIPT_OUTPUT_FILE_0}\"\n";
			showEnvVarsInLog = 0;
		};
/* End PBXShellScriptBuildPhase section */

/* Begin PBXSourcesBuildPhase section */
		F46AD7B5231D4EFF008DEC0B /* Sources */ = {
			isa = PBXSourcesBuildPhase;
			buildActionMask = 2147483647;
			files = (
				F460CF94235884A200240946 /* NetworkOperation.m in Sources */,
				F46AD828231D58D2008DEC0B /* HomeDashboardDataSource.m in Sources */,
				F460CF8D2358703200240946 /* CoreNetwork.m in Sources */,
				F460CFFD23602BD700240946 /* ImageDownloader.m in Sources */,
				F46AD812231D5103008DEC0B /* HomeDashboardViewController.m in Sources */,
				F4F222AF2358524B00AB457B /* CoctailCacheModelFiller.m in Sources */,
				F46AD834231D60C9008DEC0B /* HomeDashboardInteractor.m in Sources */,
				F46AD83E231E4C01008DEC0B /* HomeDashboardModuleAssembly.m in Sources */,
				F460CFF723601F5C00240946 /* UIViewController+ProgressHUD.m in Sources */,
				F4F222662356E0BC00AB457B /* ManagedCoctail.m in Sources */,
				F46AD82B231D5BAB008DEC0B /* HomeDashboardItem.m in Sources */,
				F46AD7CF231D4F00008DEC0B /* main.m in Sources */,
				F46AD81F231D521A008DEC0B /* HomeDashboardRouter.m in Sources */,
				F46AD82F231D5CF7008DEC0B /* HomeDashboardCell.m in Sources */,
				F460D0002360311A00240946 /* ImageDownloadOperation.m in Sources */,
				F46AD81C231D520B008DEC0B /* HomeDashboardPresenter.m in Sources */,
				F46AD85523210A6E008DEC0B /* CoctailViewController.m in Sources */,
				F46AD849231E5B12008DEC0B /* CoctailModuleAssembly.m in Sources */,
				F46AD807231D4F7C008DEC0B /* Boozter.xcdatamodeld in Sources */,
				F46AD808231D4F7C008DEC0B /* AppDelegate.m in Sources */,
				F4F2227723581E0F00AB457B /* NSManagedObject+EntityName.m in Sources */,
				F460CFA42358921100240946 /* NetworkOperationQueue.m in Sources */,
				F46AD824231D554D008DEC0B /* Coctail.m in Sources */,
				F432239323224AF800D5745F /* CoctailsService.m in Sources */,
				F460CFA023588A7E00240946 /* GetCoctailsParser.m in Sources */,
				F432239723224B3C00D5745F /* CoreDataCache.m in Sources */,
				F460CF9C235886A300240946 /* GetCoctailsNetworkOperation.m in Sources */,
			);
			runOnlyForDeploymentPostprocessing = 0;
		};
		F46AD7D0231D4F00008DEC0B /* Sources */ = {
			isa = PBXSourcesBuildPhase;
			buildActionMask = 2147483647;
			files = (
				F46AD7D9231D4F00008DEC0B /* BoozterTests.m in Sources */,
			);
			runOnlyForDeploymentPostprocessing = 0;
		};
		F46AD7DB231D4F00008DEC0B /* Sources */ = {
			isa = PBXSourcesBuildPhase;
			buildActionMask = 2147483647;
			files = (
				F46AD7E4231D4F00008DEC0B /* BoozterUITests.m in Sources */,
			);
			runOnlyForDeploymentPostprocessing = 0;
		};
/* End PBXSourcesBuildPhase section */

/* Begin PBXTargetDependency section */
		F46AD7D6231D4F00008DEC0B /* PBXTargetDependency */ = {
			isa = PBXTargetDependency;
			target = F46AD7B8231D4EFF008DEC0B /* Boozter */;
			targetProxy = F46AD7D5231D4F00008DEC0B /* PBXContainerItemProxy */;
		};
		F46AD7E1231D4F00008DEC0B /* PBXTargetDependency */ = {
			isa = PBXTargetDependency;
			target = F46AD7B8231D4EFF008DEC0B /* Boozter */;
			targetProxy = F46AD7E0231D4F00008DEC0B /* PBXContainerItemProxy */;
		};
/* End PBXTargetDependency section */

/* Begin PBXVariantGroup section */
		F46AD7F4231D4F7C008DEC0B /* LaunchScreen.storyboard */ = {
			isa = PBXVariantGroup;
			children = (
				F46AD7F5231D4F7C008DEC0B /* Base */,
			);
			name = LaunchScreen.storyboard;
			sourceTree = "<group>";
		};
		F46AD7F6231D4F7C008DEC0B /* Main.storyboard */ = {
			isa = PBXVariantGroup;
			children = (
				F46AD7F7231D4F7C008DEC0B /* Base */,
			);
			name = Main.storyboard;
			sourceTree = "<group>";
		};
/* End PBXVariantGroup section */

/* Begin XCBuildConfiguration section */
		F46AD7E6231D4F00008DEC0B /* Debug */ = {
			isa = XCBuildConfiguration;
			buildSettings = {
				ALWAYS_SEARCH_USER_PATHS = NO;
				CLANG_ANALYZER_NONNULL = YES;
				CLANG_ANALYZER_NUMBER_OBJECT_CONVERSION = YES_AGGRESSIVE;
				CLANG_CXX_LANGUAGE_STANDARD = "gnu++14";
				CLANG_CXX_LIBRARY = "libc++";
				CLANG_ENABLE_MODULES = YES;
				CLANG_ENABLE_OBJC_ARC = YES;
				CLANG_ENABLE_OBJC_WEAK = YES;
				CLANG_WARN_BLOCK_CAPTURE_AUTORELEASING = YES;
				CLANG_WARN_BOOL_CONVERSION = YES;
				CLANG_WARN_COMMA = YES;
				CLANG_WARN_CONSTANT_CONVERSION = YES;
				CLANG_WARN_DEPRECATED_OBJC_IMPLEMENTATIONS = YES;
				CLANG_WARN_DIRECT_OBJC_ISA_USAGE = YES_ERROR;
				CLANG_WARN_DOCUMENTATION_COMMENTS = YES;
				CLANG_WARN_EMPTY_BODY = YES;
				CLANG_WARN_ENUM_CONVERSION = YES;
				CLANG_WARN_INFINITE_RECURSION = YES;
				CLANG_WARN_INT_CONVERSION = YES;
				CLANG_WARN_NON_LITERAL_NULL_CONVERSION = YES;
				CLANG_WARN_OBJC_IMPLICIT_RETAIN_SELF = YES;
				CLANG_WARN_OBJC_LITERAL_CONVERSION = YES;
				CLANG_WARN_OBJC_ROOT_CLASS = YES_ERROR;
				CLANG_WARN_QUOTED_INCLUDE_IN_FRAMEWORK_HEADER = YES;
				CLANG_WARN_RANGE_LOOP_ANALYSIS = YES;
				CLANG_WARN_STRICT_PROTOTYPES = YES;
				CLANG_WARN_SUSPICIOUS_MOVE = YES;
				CLANG_WARN_UNGUARDED_AVAILABILITY = YES_AGGRESSIVE;
				CLANG_WARN_UNREACHABLE_CODE = YES;
				CLANG_WARN__DUPLICATE_METHOD_MATCH = YES;
				CODE_SIGN_IDENTITY = "iPhone Developer";
				COPY_PHASE_STRIP = NO;
				DEBUG_INFORMATION_FORMAT = dwarf;
				ENABLE_STRICT_OBJC_MSGSEND = YES;
				ENABLE_TESTABILITY = YES;
				GCC_C_LANGUAGE_STANDARD = gnu11;
				GCC_DYNAMIC_NO_PIC = NO;
				GCC_NO_COMMON_BLOCKS = YES;
				GCC_OPTIMIZATION_LEVEL = 0;
				GCC_PREPROCESSOR_DEFINITIONS = (
					"DEBUG=1",
					"$(inherited)",
				);
				GCC_WARN_64_TO_32_BIT_CONVERSION = YES;
				GCC_WARN_ABOUT_RETURN_TYPE = YES_ERROR;
				GCC_WARN_UNDECLARED_SELECTOR = YES;
				GCC_WARN_UNINITIALIZED_AUTOS = YES_AGGRESSIVE;
				GCC_WARN_UNUSED_FUNCTION = YES;
				GCC_WARN_UNUSED_VARIABLE = YES;
				IPHONEOS_DEPLOYMENT_TARGET = 14.0;
				MTL_ENABLE_DEBUG_INFO = INCLUDE_SOURCE;
				MTL_FAST_MATH = YES;
				ONLY_ACTIVE_ARCH = YES;
				SDKROOT = iphoneos;
			};
			name = Debug;
		};
		F46AD7E7231D4F00008DEC0B /* Release */ = {
			isa = XCBuildConfiguration;
			buildSettings = {
				ALWAYS_SEARCH_USER_PATHS = NO;
				CLANG_ANALYZER_NONNULL = YES;
				CLANG_ANALYZER_NUMBER_OBJECT_CONVERSION = YES_AGGRESSIVE;
				CLANG_CXX_LANGUAGE_STANDARD = "gnu++14";
				CLANG_CXX_LIBRARY = "libc++";
				CLANG_ENABLE_MODULES = YES;
				CLANG_ENABLE_OBJC_ARC = YES;
				CLANG_ENABLE_OBJC_WEAK = YES;
				CLANG_WARN_BLOCK_CAPTURE_AUTORELEASING = YES;
				CLANG_WARN_BOOL_CONVERSION = YES;
				CLANG_WARN_COMMA = YES;
				CLANG_WARN_CONSTANT_CONVERSION = YES;
				CLANG_WARN_DEPRECATED_OBJC_IMPLEMENTATIONS = YES;
				CLANG_WARN_DIRECT_OBJC_ISA_USAGE = YES_ERROR;
				CLANG_WARN_DOCUMENTATION_COMMENTS = YES;
				CLANG_WARN_EMPTY_BODY = YES;
				CLANG_WARN_ENUM_CONVERSION = YES;
				CLANG_WARN_INFINITE_RECURSION = YES;
				CLANG_WARN_INT_CONVERSION = YES;
				CLANG_WARN_NON_LITERAL_NULL_CONVERSION = YES;
				CLANG_WARN_OBJC_IMPLICIT_RETAIN_SELF = YES;
				CLANG_WARN_OBJC_LITERAL_CONVERSION = YES;
				CLANG_WARN_OBJC_ROOT_CLASS = YES_ERROR;
				CLANG_WARN_QUOTED_INCLUDE_IN_FRAMEWORK_HEADER = YES;
				CLANG_WARN_RANGE_LOOP_ANALYSIS = YES;
				CLANG_WARN_STRICT_PROTOTYPES = YES;
				CLANG_WARN_SUSPICIOUS_MOVE = YES;
				CLANG_WARN_UNGUARDED_AVAILABILITY = YES_AGGRESSIVE;
				CLANG_WARN_UNREACHABLE_CODE = YES;
				CLANG_WARN__DUPLICATE_METHOD_MATCH = YES;
				CODE_SIGN_IDENTITY = "iPhone Developer";
				COPY_PHASE_STRIP = NO;
				DEBUG_INFORMATION_FORMAT = "dwarf-with-dsym";
				ENABLE_NS_ASSERTIONS = NO;
				ENABLE_STRICT_OBJC_MSGSEND = YES;
				GCC_C_LANGUAGE_STANDARD = gnu11;
				GCC_NO_COMMON_BLOCKS = YES;
				GCC_WARN_64_TO_32_BIT_CONVERSION = YES;
				GCC_WARN_ABOUT_RETURN_TYPE = YES_ERROR;
				GCC_WARN_UNDECLARED_SELECTOR = YES;
				GCC_WARN_UNINITIALIZED_AUTOS = YES_AGGRESSIVE;
				GCC_WARN_UNUSED_FUNCTION = YES;
				GCC_WARN_UNUSED_VARIABLE = YES;
				IPHONEOS_DEPLOYMENT_TARGET = 14.0;
				MTL_ENABLE_DEBUG_INFO = NO;
				MTL_FAST_MATH = YES;
				ONLY_ACTIVE_ARCH = NO;
				SDKROOT = iphoneos;
				VALIDATE_PRODUCT = YES;
			};
			name = Release;
		};
		F46AD7E9231D4F00008DEC0B /* Debug */ = {
			isa = XCBuildConfiguration;
			baseConfigurationReference = 0239254124791899E4663572 /* Pods-Boozter.debug.xcconfig */;
			buildSettings = {
				ASSETCATALOG_COMPILER_APPICON_NAME = AppIcon;
				CODE_SIGN_STYLE = Automatic;
				DEVELOPMENT_TEAM = L2MEXR3KD6;
				INFOPLIST_FILE = Boozter/Info.plist;
				IPHONEOS_DEPLOYMENT_TARGET = 14.0;
				LD_RUNPATH_SEARCH_PATHS = (
					"$(inherited)",
					"@executable_path/Frameworks",
				);
				PRODUCT_BUNDLE_IDENTIFIER = ru.nsk.team.absurdum.bukshev.pet.Boozter;
				PRODUCT_NAME = "$(TARGET_NAME)";
				TARGETED_DEVICE_FAMILY = 1;
			};
			name = Debug;
		};
		F46AD7EA231D4F00008DEC0B /* Release */ = {
			isa = XCBuildConfiguration;
			baseConfigurationReference = CC07C6F8277929D150FB61BA /* Pods-Boozter.release.xcconfig */;
			buildSettings = {
				ASSETCATALOG_COMPILER_APPICON_NAME = AppIcon;
				CODE_SIGN_STYLE = Automatic;
				DEVELOPMENT_TEAM = L2MEXR3KD6;
				INFOPLIST_FILE = Boozter/Info.plist;
				IPHONEOS_DEPLOYMENT_TARGET = 14.0;
				LD_RUNPATH_SEARCH_PATHS = (
					"$(inherited)",
					"@executable_path/Frameworks",
				);
				PRODUCT_BUNDLE_IDENTIFIER = ru.nsk.team.absurdum.bukshev.pet.Boozter;
				PRODUCT_NAME = "$(TARGET_NAME)";
				TARGETED_DEVICE_FAMILY = 1;
			};
			name = Release;
		};
		F46AD7EC231D4F00008DEC0B /* Debug */ = {
			isa = XCBuildConfiguration;
			buildSettings = {
				BUNDLE_LOADER = "$(TEST_HOST)";
				CODE_SIGN_STYLE = Automatic;
				DEVELOPMENT_TEAM = L2MEXR3KD6;
				INFOPLIST_FILE = BoozterTests/Info.plist;
				LD_RUNPATH_SEARCH_PATHS = (
					"$(inherited)",
					"@executable_path/Frameworks",
					"@loader_path/Frameworks",
				);
				PRODUCT_BUNDLE_IDENTIFIER = ru.nsk.team.absurdum.bukshev.pet.BoozterTests;
				PRODUCT_NAME = "$(TARGET_NAME)";
				TARGETED_DEVICE_FAMILY = "1,2";
				TEST_HOST = "$(BUILT_PRODUCTS_DIR)/Boozter.app/Boozter";
			};
			name = Debug;
		};
		F46AD7ED231D4F00008DEC0B /* Release */ = {
			isa = XCBuildConfiguration;
			buildSettings = {
				BUNDLE_LOADER = "$(TEST_HOST)";
				CODE_SIGN_STYLE = Automatic;
				DEVELOPMENT_TEAM = L2MEXR3KD6;
				INFOPLIST_FILE = BoozterTests/Info.plist;
				LD_RUNPATH_SEARCH_PATHS = (
					"$(inherited)",
					"@executable_path/Frameworks",
					"@loader_path/Frameworks",
				);
				PRODUCT_BUNDLE_IDENTIFIER = ru.nsk.team.absurdum.bukshev.pet.BoozterTests;
				PRODUCT_NAME = "$(TARGET_NAME)";
				TARGETED_DEVICE_FAMILY = "1,2";
				TEST_HOST = "$(BUILT_PRODUCTS_DIR)/Boozter.app/Boozter";
			};
			name = Release;
		};
		F46AD7EF231D4F00008DEC0B /* Debug */ = {
			isa = XCBuildConfiguration;
			buildSettings = {
				CODE_SIGN_STYLE = Automatic;
				DEVELOPMENT_TEAM = L2MEXR3KD6;
				INFOPLIST_FILE = BoozterUITests/Info.plist;
				LD_RUNPATH_SEARCH_PATHS = (
					"$(inherited)",
					"@executable_path/Frameworks",
					"@loader_path/Frameworks",
				);
				PRODUCT_BUNDLE_IDENTIFIER = ru.nsk.team.absurdum.bukshev.pet.BoozterUITests;
				PRODUCT_NAME = "$(TARGET_NAME)";
				TARGETED_DEVICE_FAMILY = "1,2";
				TEST_TARGET_NAME = Boozter;
			};
			name = Debug;
		};
		F46AD7F0231D4F00008DEC0B /* Release */ = {
			isa = XCBuildConfiguration;
			buildSettings = {
				CODE_SIGN_STYLE = Automatic;
				DEVELOPMENT_TEAM = L2MEXR3KD6;
				INFOPLIST_FILE = BoozterUITests/Info.plist;
				LD_RUNPATH_SEARCH_PATHS = (
					"$(inherited)",
					"@executable_path/Frameworks",
					"@loader_path/Frameworks",
				);
				PRODUCT_BUNDLE_IDENTIFIER = ru.nsk.team.absurdum.bukshev.pet.BoozterUITests;
				PRODUCT_NAME = "$(TARGET_NAME)";
				TARGETED_DEVICE_FAMILY = "1,2";
				TEST_TARGET_NAME = Boozter;
			};
			name = Release;
		};
/* End XCBuildConfiguration section */

/* Begin XCConfigurationList section */
		F46AD7B4231D4EFF008DEC0B /* Build configuration list for PBXProject "Boozter" */ = {
			isa = XCConfigurationList;
			buildConfigurations = (
				F46AD7E6231D4F00008DEC0B /* Debug */,
				F46AD7E7231D4F00008DEC0B /* Release */,
			);
			defaultConfigurationIsVisible = 0;
			defaultConfigurationName = Release;
		};
		F46AD7E8231D4F00008DEC0B /* Build configuration list for PBXNativeTarget "Boozter" */ = {
			isa = XCConfigurationList;
			buildConfigurations = (
				F46AD7E9231D4F00008DEC0B /* Debug */,
				F46AD7EA231D4F00008DEC0B /* Release */,
			);
			defaultConfigurationIsVisible = 0;
			defaultConfigurationName = Release;
		};
		F46AD7EB231D4F00008DEC0B /* Build configuration list for PBXNativeTarget "BoozterTests" */ = {
			isa = XCConfigurationList;
			buildConfigurations = (
				F46AD7EC231D4F00008DEC0B /* Debug */,
				F46AD7ED231D4F00008DEC0B /* Release */,
			);
			defaultConfigurationIsVisible = 0;
			defaultConfigurationName = Release;
		};
		F46AD7EE231D4F00008DEC0B /* Build configuration list for PBXNativeTarget "BoozterUITests" */ = {
			isa = XCConfigurationList;
			buildConfigurations = (
				F46AD7EF231D4F00008DEC0B /* Debug */,
				F46AD7F0231D4F00008DEC0B /* Release */,
			);
			defaultConfigurationIsVisible = 0;
			defaultConfigurationName = Release;
		};
/* End XCConfigurationList section */

/* Begin XCVersionGroup section */
		F46AD7F8231D4F7C008DEC0B /* Boozter.xcdatamodeld */ = {
			isa = XCVersionGroup;
			children = (
				F46AD7F9231D4F7C008DEC0B /* Boozter.xcdatamodel */,
			);
			currentVersion = F46AD7F9231D4F7C008DEC0B /* Boozter.xcdatamodel */;
			path = Boozter.xcdatamodeld;
			sourceTree = "<group>";
			versionGroupType = wrapper.xcdatamodel;
		};
/* End XCVersionGroup section */
	};
	rootObject = F46AD7B1231D4EFF008DEC0B /* Project object */;
}
